
Microsoft Visual Studio Solution File, Format Version 12.00
# Visual Studio Version 16
VisualStudioVersion = 16.0.31019.35
MinimumVisualStudioVersion = 10.0.40219.1
Project("{FAE04EC0-301F-11D3-BF4B-00C04F79EFBC}") = "sum", "sum\sum.csproj", "{E0E51CD2-9795-46F1-B83B-7299E6DB208D}"
EndProject
Global
	GlobalSection(SolutionConfigurationPlatforms) = preSolution
		Debug|Any CPU = Debug|Any CPU
		Release|Any CPU = Release|Any CPU
	EndGlobalSection
	GlobalSection(ProjectConfigurationPlatforms) = postSolution
		{E0E51CD2-9795-46F1-B83B-7299E6DB208D}.Debug|Any CPU.ActiveCfg = Debug|Any CPU
		{E0E51CD2-9795-46F1-B83B-7299E6DB208D}.Debug|Any CPU.Build.0 = Debug|Any CPU
		{E0E51CD2-9795-46F1-B83B-7299E6DB208D}.Release|Any CPU.ActiveCfg = Release|Any CPU
		{E0E51CD2-9795-46F1-B83B-7299E6DB208D}.Release|Any CPU.Build.0 = Release|Any CPU
	EndGlobalSection
	GlobalSection(SolutionProperties) = preSolution
		HideSolutionNode = FALSE
	EndGlobalSection
	GlobalSection(ExtensibilityGlobals) = postSolution
		SolutionGuid = {B53995CC-A6EF-4DAB-B902-547DA1C8AC7C}
	EndGlobalSection
EndGlobal
